
Microsoft Visual Studio Solution File, Format Version 12.00
# Visual Studio Version 16
VisualStudioVersion = 16.0.30225.117
MinimumVisualStudioVersion = 10.0.40219.1
Project("{FAE04EC0-301F-11D3-BF4B-00C04F79EFBC}") = "day1-prog4", "day1-prog4\day1-prog4.csproj", "{A84B1204-0F6C-4996-B283-6F3A436F43EE}"
EndProject
Global
	GlobalSection(SolutionConfigurationPlatforms) = preSolution
		Debug|Any CPU = Debug|Any CPU
		Release|Any CPU = Release|Any CPU
	EndGlobalSection
	GlobalSection(ProjectConfigurationPlatforms) = postSolution
		{A84B1204-0F6C-4996-B283-6F3A436F43EE}.Debug|Any CPU.ActiveCfg = Debug|Any CPU
		{A84B1204-0F6C-4996-B283-6F3A436F43EE}.Debug|Any CPU.Build.0 = Debug|Any CPU
		{A84B1204-0F6C-4996-B283-6F3A436F43EE}.Release|Any CPU.ActiveCfg = Release|Any CPU
		{A84B1204-0F6C-4996-B283-6F3A436F43EE}.Release|Any CPU.Build.0 = Release|Any CPU
	EndGlobalSection
	GlobalSection(SolutionProperties) = preSolution
		HideSolutionNode = FALSE
	EndGlobalSection
	GlobalSection(ExtensibilityGlobals) = postSolution
		SolutionGuid = {82CE4B48-F021-4B32-8C97-B7D19D312CBB}
	EndGlobalSection
EndGlobal
