
Microsoft Visual Studio Solution File, Format Version 12.00
# Visual Studio Version 16
VisualStudioVersion = 16.0.30225.117
MinimumVisualStudioVersion = 10.0.40219.1
Project("{FAE04EC0-301F-11D3-BF4B-00C04F79EFBC}") = "day1 prog2", "day1 prog2\day1 prog2.csproj", "{1AD19161-7B0D-4961-B8C5-0C49EF316357}"
EndProject
Global
	GlobalSection(SolutionConfigurationPlatforms) = preSolution
		Debug|Any CPU = Debug|Any CPU
		Release|Any CPU = Release|Any CPU
	EndGlobalSection
	GlobalSection(ProjectConfigurationPlatforms) = postSolution
		{1AD19161-7B0D-4961-B8C5-0C49EF316357}.Debug|Any CPU.ActiveCfg = Debug|Any CPU
		{1AD19161-7B0D-4961-B8C5-0C49EF316357}.Debug|Any CPU.Build.0 = Debug|Any CPU
		{1AD19161-7B0D-4961-B8C5-0C49EF316357}.Release|Any CPU.ActiveCfg = Release|Any CPU
		{1AD19161-7B0D-4961-B8C5-0C49EF316357}.Release|Any CPU.Build.0 = Release|Any CPU
	EndGlobalSection
	GlobalSection(SolutionProperties) = preSolution
		HideSolutionNode = FALSE
	EndGlobalSection
	GlobalSection(ExtensibilityGlobals) = postSolution
		SolutionGuid = {8C6B0B06-232C-426E-82E7-46AA44C235FA}
	EndGlobalSection
EndGlobal
